Microsoft Visual Studio Solution File, Format Version 11.00
# Visual Studio 2010
Project("{FAE04EC0-301F-11D3-BF4B-00C04F79EFBC}") = "UGUITest", "Assembly-CSharp.csproj", "{217BA795-FF9A-51AB-A470-B899F675370B}"
EndProject
Project("{FAE04EC0-301F-11D3-BF4B-00C04F79EFBC}") = "UGUITest", "Assembly-CSharp-Editor-firstpass.csproj", "{92A2D7A0-04B1-82CE-8DC1-F3521A53A9FF}"
EndProject
Project("{FAE04EC0-301F-11D3-BF4B-00C04F79EFBC}") = "UGUITest", "Assembly-CSharp-Editor.csproj", "{8EE7A842-E488-E6E3-1BF4-9C2FD6E67AA2}"
EndProject
Global
	GlobalSection(SolutionConfigurationPlatforms) = preSolution
		Debug|Any CPU = Debug|Any CPU
		Release|Any CPU = Release|Any CPU
	EndGlobalSection
	GlobalSection(ProjectConfigurationPlatforms) = postSolution
		{217BA795-FF9A-51AB-A470-B899F675370B}.Debug|Any CPU.ActiveCfg = Debug|Any CPU
		{217BA795-FF9A-51AB-A470-B899F675370B}.Debug|Any CPU.Build.0 = Debug|Any CPU
		{217BA795-FF9A-51AB-A470-B899F675370B}.Release|Any CPU.ActiveCfg = Release|Any CPU
		{217BA795-FF9A-51AB-A470-B899F675370B}.Release|Any CPU.Build.0 = Release|Any CPU
		{92A2D7A0-04B1-82CE-8DC1-F3521A53A9FF}.Debug|Any CPU.ActiveCfg = Debug|Any CPU
		{92A2D7A0-04B1-82CE-8DC1-F3521A53A9FF}.Debug|Any CPU.Build.0 = Debug|Any CPU
		{92A2D7A0-04B1-82CE-8DC1-F3521A53A9FF}.Release|Any CPU.ActiveCfg = Release|Any CPU
		{92A2D7A0-04B1-82CE-8DC1-F3521A53A9FF}.Release|Any CPU.Build.0 = Release|Any CPU
		{8EE7A842-E488-E6E3-1BF4-9C2FD6E67AA2}.Debug|Any CPU.ActiveCfg = Debug|Any CPU
		{8EE7A842-E488-E6E3-1BF4-9C2FD6E67AA2}.Debug|Any CPU.Build.0 = Debug|Any CPU
		{8EE7A842-E488-E6E3-1BF4-9C2FD6E67AA2}.Release|Any CPU.ActiveCfg = Release|Any CPU
		{8EE7A842-E488-E6E3-1BF4-9C2FD6E67AA2}.Release|Any CPU.Build.0 = Release|Any CPU
	EndGlobalSection
	GlobalSection(MonoDevelopProperties) = preSolution
		StartupItem = Assembly-CSharp.csproj
	EndGlobalSection
EndGlobal
